
Microsoft Visual Studio Solution File, Format Version 12.00
# Visual Studio Version 16
VisualStudioVersion = 16.0.30128.74
MinimumVisualStudioVersion = 10.0.40219.1
Project("{9A19103F-16F7-4668-BE54-9A1E7A4F7556}") = "BusinessRuleEngine", "BusinessRuleEngin\BusinessRuleEngine.csproj", "{B6DD648E-522D-405C-A449-E517C3C965A7}"
EndProject
Project("{9A19103F-16F7-4668-BE54-9A1E7A4F7556}") = "BusinessRuleEngine.BusinessLayer", "BusinessRuleEngin.BusinessLogic\BusinessRuleEngine.BusinessLayer.csproj", "{15C9A4C4-9AF2-412F-ACCF-8687E95E3F03}"
EndProject
Project("{9A19103F-16F7-4668-BE54-9A1E7A4F7556}") = "BusinessRuleEngine.RepositoryLayer", "BusinessRuleEngine.RepositoryLayer\BusinessRuleEngine.RepositoryLayer.csproj", "{859E9DE6-7F7D-408F-B9CF-978DE325DDB8}"
EndProject
Project("{9A19103F-16F7-4668-BE54-9A1E7A4F7556}") = "BusinessRuleEngine.Common", "BusinessRuleEngine.Common\BusinessRuleEngine.Common.csproj", "{6370043D-2BD5-444C-B2B2-0D9641CABDF8}"
EndProject
Project("{FAE04EC0-301F-11D3-BF4B-00C04F79EFBC}") = "BusinessRuleEngine.UnitTest", "BusinessRuleEngine.UnitTest\BusinessRuleEngine.UnitTest.csproj", "{BC3A27C2-E2E2-4516-B5C9-CC645FA42958}"
EndProject
Global
	GlobalSection(SolutionConfigurationPlatforms) = preSolution
		Debug|Any CPU = Debug|Any CPU
		Release|Any CPU = Release|Any CPU
	EndGlobalSection
	GlobalSection(ProjectConfigurationPlatforms) = postSolution
		{B6DD648E-522D-405C-A449-E517C3C965A7}.Debug|Any CPU.ActiveCfg = Debug|Any CPU
		{B6DD648E-522D-405C-A449-E517C3C965A7}.Debug|Any CPU.Build.0 = Debug|Any CPU
		{B6DD648E-522D-405C-A449-E517C3C965A7}.Release|Any CPU.ActiveCfg = Release|Any CPU
		{B6DD648E-522D-405C-A449-E517C3C965A7}.Release|Any CPU.Build.0 = Release|Any CPU
		{15C9A4C4-9AF2-412F-ACCF-8687E95E3F03}.Debug|Any CPU.ActiveCfg = Debug|Any CPU
		{15C9A4C4-9AF2-412F-ACCF-8687E95E3F03}.Debug|Any CPU.Build.0 = Debug|Any CPU
		{15C9A4C4-9AF2-412F-ACCF-8687E95E3F03}.Release|Any CPU.ActiveCfg = Release|Any CPU
		{15C9A4C4-9AF2-412F-ACCF-8687E95E3F03}.Release|Any CPU.Build.0 = Release|Any CPU
		{859E9DE6-7F7D-408F-B9CF-978DE325DDB8}.Debug|Any CPU.ActiveCfg = Debug|Any CPU
		{859E9DE6-7F7D-408F-B9CF-978DE325DDB8}.Debug|Any CPU.Build.0 = Debug|Any CPU
		{859E9DE6-7F7D-408F-B9CF-978DE325DDB8}.Release|Any CPU.ActiveCfg = Release|Any CPU
		{859E9DE6-7F7D-408F-B9CF-978DE325DDB8}.Release|Any CPU.Build.0 = Release|Any CPU
		{6370043D-2BD5-444C-B2B2-0D9641CABDF8}.Debug|Any CPU.ActiveCfg = Debug|Any CPU
		{6370043D-2BD5-444C-B2B2-0D9641CABDF8}.Debug|Any CPU.Build.0 = Debug|Any CPU
		{6370043D-2BD5-444C-B2B2-0D9641CABDF8}.Release|Any CPU.ActiveCfg = Release|Any CPU
		{6370043D-2BD5-444C-B2B2-0D9641CABDF8}.Release|Any CPU.Build.0 = Release|Any CPU
		{BC3A27C2-E2E2-4516-B5C9-CC645FA42958}.Debug|Any CPU.ActiveCfg = Debug|Any CPU
		{BC3A27C2-E2E2-4516-B5C9-CC645FA42958}.Debug|Any CPU.Build.0 = Debug|Any CPU
		{BC3A27C2-E2E2-4516-B5C9-CC645FA42958}.Release|Any CPU.ActiveCfg = Release|Any CPU
		{BC3A27C2-E2E2-4516-B5C9-CC645FA42958}.Release|Any CPU.Build.0 = Release|Any CPU
	EndGlobalSection
	GlobalSection(SolutionProperties) = preSolution
		HideSolutionNode = FALSE
	EndGlobalSection
	GlobalSection(ExtensibilityGlobals) = postSolution
		SolutionGuid = {2337E643-7991-4928-817B-F2225F03ECEB}
	EndGlobalSection
EndGlobal
